
Microsoft Visual Studio Solution File, Format Version 12.00
# Visual Studio Version 16
VisualStudioVersion = 16.0.31025.218
MinimumVisualStudioVersion = 10.0.40219.1
Project("{FAE04EC0-301F-11D3-BF4B-00C04F79EFBC}") = "WsrApp", "WsrApp\WsrApp.csproj", "{DBA00C4A-55B4-4F4D-BBD7-9B317B7F6CEF}"
EndProject
Project("{FAE04EC0-301F-11D3-BF4B-00C04F79EFBC}") = "WsrApp.Context", "WsrApp.Context\WsrApp.Context.csproj", "{3B0A9771-5596-4E94-AC42-59D410F55C05}"
EndProject
Project("{FAE04EC0-301F-11D3-BF4B-00C04F79EFBC}") = "WsrApp.Model", "WsrApp.Model\WsrApp.Model.csproj", "{176F6E5B-E76D-440A-B124-E7B9A7157815}"
EndProject
Project("{FAE04EC0-301F-11D3-BF4B-00C04F79EFBC}") = "WsrApp.Server", "WsrApp.Server\WsrApp.Server.csproj", "{96604FE2-B11C-46B0-B9B4-2166C71CD800}"
EndProject
Global
	GlobalSection(SolutionConfigurationPlatforms) = preSolution
		Debug|Any CPU = Debug|Any CPU
		Release|Any CPU = Release|Any CPU
	EndGlobalSection
	GlobalSection(ProjectConfigurationPlatforms) = postSolution
		{DBA00C4A-55B4-4F4D-BBD7-9B317B7F6CEF}.Debug|Any CPU.ActiveCfg = Debug|Any CPU
		{DBA00C4A-55B4-4F4D-BBD7-9B317B7F6CEF}.Debug|Any CPU.Build.0 = Debug|Any CPU
		{DBA00C4A-55B4-4F4D-BBD7-9B317B7F6CEF}.Release|Any CPU.ActiveCfg = Release|Any CPU
		{DBA00C4A-55B4-4F4D-BBD7-9B317B7F6CEF}.Release|Any CPU.Build.0 = Release|Any CPU
		{3B0A9771-5596-4E94-AC42-59D410F55C05}.Debug|Any CPU.ActiveCfg = Debug|Any CPU
		{3B0A9771-5596-4E94-AC42-59D410F55C05}.Debug|Any CPU.Build.0 = Debug|Any CPU
		{3B0A9771-5596-4E94-AC42-59D410F55C05}.Release|Any CPU.ActiveCfg = Release|Any CPU
		{3B0A9771-5596-4E94-AC42-59D410F55C05}.Release|Any CPU.Build.0 = Release|Any CPU
		{176F6E5B-E76D-440A-B124-E7B9A7157815}.Debug|Any CPU.ActiveCfg = Debug|Any CPU
		{176F6E5B-E76D-440A-B124-E7B9A7157815}.Debug|Any CPU.Build.0 = Debug|Any CPU
		{176F6E5B-E76D-440A-B124-E7B9A7157815}.Release|Any CPU.ActiveCfg = Release|Any CPU
		{176F6E5B-E76D-440A-B124-E7B9A7157815}.Release|Any CPU.Build.0 = Release|Any CPU
		{96604FE2-B11C-46B0-B9B4-2166C71CD800}.Debug|Any CPU.ActiveCfg = Debug|Any CPU
		{96604FE2-B11C-46B0-B9B4-2166C71CD800}.Debug|Any CPU.Build.0 = Debug|Any CPU
		{96604FE2-B11C-46B0-B9B4-2166C71CD800}.Release|Any CPU.ActiveCfg = Release|Any CPU
		{96604FE2-B11C-46B0-B9B4-2166C71CD800}.Release|Any CPU.Build.0 = Release|Any CPU
	EndGlobalSection
	GlobalSection(SolutionProperties) = preSolution
		HideSolutionNode = FALSE
	EndGlobalSection
	GlobalSection(ExtensibilityGlobals) = postSolution
		SolutionGuid = {9F442577-15A3-4EA7-90A2-BA2CAE6B80ED}
	EndGlobalSection
EndGlobal
